
Microsoft Visual Studio Solution File, Format Version 12.00
# Visual Studio Version 16
VisualStudioVersion = 16.0.30225.117
MinimumVisualStudioVersion = 10.0.40219.1
Project("{FAE04EC0-301F-11D3-BF4B-00C04F79EFBC}") = "AngularPracticeProj", "AngularPracticeProj\AngularPracticeProj.csproj", "{48982811-6B06-4D2D-A1A7-58EE1E29DE06}"
EndProject
Global
	GlobalSection(SolutionConfigurationPlatforms) = preSolution
		Debug|Any CPU = Debug|Any CPU
		Release|Any CPU = Release|Any CPU
	EndGlobalSection
	GlobalSection(ProjectConfigurationPlatforms) = postSolution
		{48982811-6B06-4D2D-A1A7-58EE1E29DE06}.Debug|Any CPU.ActiveCfg = Debug|Any CPU
		{48982811-6B06-4D2D-A1A7-58EE1E29DE06}.Debug|Any CPU.Build.0 = Debug|Any CPU
		{48982811-6B06-4D2D-A1A7-58EE1E29DE06}.Release|Any CPU.ActiveCfg = Release|Any CPU
		{48982811-6B06-4D2D-A1A7-58EE1E29DE06}.Release|Any CPU.Build.0 = Release|Any CPU
	EndGlobalSection
	GlobalSection(SolutionProperties) = preSolution
		HideSolutionNode = FALSE
	EndGlobalSection
	GlobalSection(ExtensibilityGlobals) = postSolution
		SolutionGuid = {5F04C816-26FB-4B96-B91B-4725216DAF86}
	EndGlobalSection
EndGlobal
